{
  "name": "txt2gpx",
  "version": "0.1.0",
  "lockfileVersion": 2,
  "requires": true,
  "packages": {
    "": {
      "name": "txt2gpx",
      "version": "0.1.0",
      "dependencies": {
        "hershey": "2.1.7"
      }
    },
    "node_modules/hershey": {
      "version": "2.1.7",
      "resolved": "https://registry.npmjs.org/hershey/-/hershey-2.1.7.tgz",
      "integrity": "sha512-8PyUFw0k7x1Q7DzIeaTvUR+RA0fk+CjXosRdaH6a/sDDBCkx8A8+/jupsMfRw6myG0xMFs004dfnngzo+DLYDA=="
    }
  },
  "dependencies": {
    "hershey": {
      "version": "2.1.7",
      "resolved": "https://registry.npmjs.org/hershey/-/hershey-2.1.7.tgz",
      "integrity": "sha512-8PyUFw0k7x1Q7DzIeaTvUR+RA0fk+CjXosRdaH6a/sDDBCkx8A8+/jupsMfRw6myG0xMFs004dfnngzo+DLYDA=="
    }
  }
}
